
Microsoft Visual Studio Solution File, Format Version 12.00
# Visual Studio Version 16
VisualStudioVersion = 16.0.29728.190
MinimumVisualStudioVersion = 10.0.40219.1
Project("{9A19103F-16F7-4668-BE54-9A1E7A4F7556}") = "Szkolenie", "Szkolenie\Szkolenie.csproj", "{FD1FDB53-849A-449B-B2D6-63477EACC806}"
EndProject
Project("{9A19103F-16F7-4668-BE54-9A1E7A4F7556}") = "Szkolenie.Tests", "XUnitProductTest\Szkolenie.Tests.csproj", "{033EB320-C843-483D-869C-2C9E581E9089}"
EndProject
Global
	GlobalSection(SolutionConfigurationPlatforms) = preSolution
		Debug|Any CPU = Debug|Any CPU
		Release|Any CPU = Release|Any CPU
	EndGlobalSection
	GlobalSection(ProjectConfigurationPlatforms) = postSolution
		{FD1FDB53-849A-449B-B2D6-63477EACC806}.Debug|Any CPU.ActiveCfg = Debug|Any CPU
		{FD1FDB53-849A-449B-B2D6-63477EACC806}.Debug|Any CPU.Build.0 = Debug|Any CPU
		{FD1FDB53-849A-449B-B2D6-63477EACC806}.Release|Any CPU.ActiveCfg = Release|Any CPU
		{FD1FDB53-849A-449B-B2D6-63477EACC806}.Release|Any CPU.Build.0 = Release|Any CPU
		{033EB320-C843-483D-869C-2C9E581E9089}.Debug|Any CPU.ActiveCfg = Debug|Any CPU
		{033EB320-C843-483D-869C-2C9E581E9089}.Debug|Any CPU.Build.0 = Debug|Any CPU
		{033EB320-C843-483D-869C-2C9E581E9089}.Release|Any CPU.ActiveCfg = Release|Any CPU
		{033EB320-C843-483D-869C-2C9E581E9089}.Release|Any CPU.Build.0 = Release|Any CPU
	EndGlobalSection
	GlobalSection(SolutionProperties) = preSolution
		HideSolutionNode = FALSE
	EndGlobalSection
	GlobalSection(ExtensibilityGlobals) = postSolution
		SolutionGuid = {173E2FFC-A3CC-403C-84CD-20D55C60B37C}
	EndGlobalSection
EndGlobal
